
Microsoft Visual Studio Solution File, Format Version 12.00
# Visual Studio Version 17
VisualStudioVersion = 17.1.32228.430
MinimumVisualStudioVersion = 10.0.40219.1
Project("{9A19103F-16F7-4668-BE54-9A1E7A4F7556}") = "FarmFreshMarket_213590Z", "FarmFreshMarket_213590Z.csproj", "{C8258FB8-9808-4CB4-A173-5DB3140D5025}"
EndProject
Global
	GlobalSection(SolutionConfigurationPlatforms) = preSolution
		Debug|Any CPU = Debug|Any CPU
		Release|Any CPU = Release|Any CPU
	EndGlobalSection
	GlobalSection(ProjectConfigurationPlatforms) = postSolution
		{C8258FB8-9808-4CB4-A173-5DB3140D5025}.Debug|Any CPU.ActiveCfg = Debug|Any CPU
		{C8258FB8-9808-4CB4-A173-5DB3140D5025}.Debug|Any CPU.Build.0 = Debug|Any CPU
		{C8258FB8-9808-4CB4-A173-5DB3140D5025}.Release|Any CPU.ActiveCfg = Release|Any CPU
		{C8258FB8-9808-4CB4-A173-5DB3140D5025}.Release|Any CPU.Build.0 = Release|Any CPU
	EndGlobalSection
	GlobalSection(SolutionProperties) = preSolution
		HideSolutionNode = FALSE
	EndGlobalSection
	GlobalSection(ExtensibilityGlobals) = postSolution
		SolutionGuid = {D81E3E2E-C90D-46F3-B033-E2065B7958E0}
	EndGlobalSection
EndGlobal
